
Microsoft Visual Studio Solution File, Format Version 12.00
Project("{FAE04EC0-301F-11D3-BF4B-00C04F79EFBC}") = "Neptune", "Neptune\Neptune.csproj", "{299826B5-0B01-4C2B-A0B5-99C4C4489295}"
EndProject
Project("{FAE04EC0-301F-11D3-BF4B-00C04F79EFBC}") = "NeptunePrototype", "NeptunePrototype\NeptunePrototype.csproj", "{464DF807-045B-4136-8A86-1F7270DFACFD}"
EndProject
Global
	GlobalSection(SolutionConfigurationPlatforms) = preSolution
		Debug|Any CPU = Debug|Any CPU
		Release|Any CPU = Release|Any CPU
	EndGlobalSection
	GlobalSection(ProjectConfigurationPlatforms) = postSolution
		{299826B5-0B01-4C2B-A0B5-99C4C4489295}.Debug|Any CPU.ActiveCfg = Debug|Any CPU
		{299826B5-0B01-4C2B-A0B5-99C4C4489295}.Debug|Any CPU.Build.0 = Debug|Any CPU
		{299826B5-0B01-4C2B-A0B5-99C4C4489295}.Release|Any CPU.ActiveCfg = Release|Any CPU
		{299826B5-0B01-4C2B-A0B5-99C4C4489295}.Release|Any CPU.Build.0 = Release|Any CPU
		{464DF807-045B-4136-8A86-1F7270DFACFD}.Debug|Any CPU.ActiveCfg = Debug|Any CPU
		{464DF807-045B-4136-8A86-1F7270DFACFD}.Debug|Any CPU.Build.0 = Debug|Any CPU
		{464DF807-045B-4136-8A86-1F7270DFACFD}.Release|Any CPU.ActiveCfg = Release|Any CPU
		{464DF807-045B-4136-8A86-1F7270DFACFD}.Release|Any CPU.Build.0 = Release|Any CPU
	EndGlobalSection
EndGlobal
